
Microsoft Visual Studio Solution File, Format Version 12.00
# Visual Studio 15
VisualStudioVersion = 15.0.34031.82
MinimumVisualStudioVersion = 10.0.40219.1
Project("{FAE04EC0-301F-11D3-BF4B-00C04F79EFBC}") = "ProcesoCRUD", "ProcesoCRUD\ProcesoCRUD.csproj", "{A1D978E6-EC4D-428B-A4D6-D1F454EA30DE}"
EndProject
Global
	GlobalSection(SolutionConfigurationPlatforms) = preSolution
		Debug|Any CPU = Debug|Any CPU
		Release|Any CPU = Release|Any CPU
	EndGlobalSection
	GlobalSection(ProjectConfigurationPlatforms) = postSolution
		{A1D978E6-EC4D-428B-A4D6-D1F454EA30DE}.Debug|Any CPU.ActiveCfg = Debug|Any CPU
		{A1D978E6-EC4D-428B-A4D6-D1F454EA30DE}.Debug|Any CPU.Build.0 = Debug|Any CPU
		{A1D978E6-EC4D-428B-A4D6-D1F454EA30DE}.Release|Any CPU.ActiveCfg = Release|Any CPU
		{A1D978E6-EC4D-428B-A4D6-D1F454EA30DE}.Release|Any CPU.Build.0 = Release|Any CPU
	EndGlobalSection
	GlobalSection(SolutionProperties) = preSolution
		HideSolutionNode = FALSE
	EndGlobalSection
	GlobalSection(ExtensibilityGlobals) = postSolution
		SolutionGuid = {1A6A9D75-9FAE-4D9C-B05B-8929B41DE141}
	EndGlobalSection
EndGlobal
